# This file is autogenerated, do not edit; changes may be undone by the next 'dep ensure'.


[[projects]]
  digest = "1:0a775245c1926f728e48ea206ae2429a4fce1f9961f06d2648be26bc8e385782"
  name = "github.com/Tlantic/go-util"
  packages = [
    "cache",
    "errors",
    "grpcutil",
    "grpcutil/connection-pool",
    "mrs",
    "mrs/collection",
    "mrs/configuration",
    "mrs/internal/mrs",
    "mrs/k8s",
    "mrs/k8s/converter",
    "mrs/k8s/models",
    "mrs/k8s/pb",
    "mrs/log",
    "mrs/uuid",
  ]
  pruneopts = "UT"
  revision = "679cd62f6da676d44a02062358db97a1f9f67d15"
  version = "v3.11.1"

[[projects]]
  digest = "1:1676f8891493ecb3f02caadc811a3dbc20c8fdff48117e3454bbb42c2f0cd5bb"
  name = "github.com/andrepinto/erygo"
  packages = ["."]
  pruneopts = "UT"
  revision = "196697a86b80c6af4aed7aa13bfb72a57015a75f"
  version = "v0.2.3"

[[projects]]
  digest = "1:9718907fde8e2ea5d1126255fecf1b7e9642649a11b765d9695d5107b1f4fa4c"
  name = "github.com/golang/protobuf"
  packages = [
    "jsonpb",
    "proto",
    "ptypes",
    "ptypes/any",
    "ptypes/duration",
    "ptypes/struct",
    "ptypes/timestamp",
    "ptypes/wrappers",
  ]
  pruneopts = "UT"
  revision = "ae97035608a719c7a1c1c41bed0ae0744bdb0c6f"
  version = "v1.5.2"

[[projects]]
  digest = "1:bbba45b09b3b502dc39afb36c3e9f89b9c2832b1f6d673277c97eade8875e462"
  name = "github.com/google/uuid"
  packages = ["."]
  pruneopts = "UT"
  revision = "44b5fee7c49cf3bcdf723f106b36d56ef13ccc88"
  version = "v1.3.0"

[[projects]]
  digest = "1:fe28e3944ed336b848ade593f15df57691dff75211955a022a6ee482e5f2f829"
  name = "github.com/grpc-ecosystem/go-grpc-middleware"
  packages = [
    ".",
    "logging",
    "logging/logrus",
    "logging/logrus/ctxlogrus",
    "recovery",
    "tags",
  ]
  pruneopts = "UT"
  revision = "df0f91b29bbbdfc3a686a7a8edbe2b9de2072fdd"
  version = "v1.3.0"

[[projects]]
  digest = "1:c4ee6e93a5c82f03f4b1decc3fb04dff907c87c0651970f4eacff99de3839c16"
  name = "github.com/json-iterator/go"
  packages = ["."]
  pruneopts = "UT"
  revision = "024077e996b048517130b21ea6bf12aa23055d3d"
  version = "v1.1.12"

[[projects]]
  digest = "1:33422d238f147d247752996a26574ac48dcf472976eda7f5134015f06bf16563"
  name = "github.com/modern-go/concurrent"
  packages = ["."]
  pruneopts = "UT"
  revision = "bacd9c7ef1dd9b15be4a9909b8ac7a4e313eec94"
  version = "1.0.3"

[[projects]]
  digest = "1:a163f4257c45a76ce757d76910e2c0815bd404c97c6105c42c9fc3bc54097d6c"
  name = "github.com/modern-go/reflect2"
  packages = ["."]
  pruneopts = "UT"
  revision = "2b33151c9bbc5231aea69b8861c540102b087070"
  version = "v1.0.2"

[[projects]]
  digest = "1:c67109d8e7bb86c00dfb437c0849f6792d69eccdba4d9a3669765b3422d703c8"
  name = "github.com/shopspring/decimal"
  packages = ["."]
  pruneopts = "UT"
  revision = "683f5e1a7e189020762b6ac3a0cd22276c136ee5"
  version = "v1.3.1"

[[projects]]
  digest = "1:819b22a75ddd43c69965c9582dcab34a077f2d3f543bf8832126b275ea6953e6"
  name = "github.com/sirupsen/logrus"
  packages = ["."]
  pruneopts = "UT"
  revision = "bdc0db8ead3853c56b7cd1ac2ba4e11b47d7da6b"
  version = "v1.8.1"

[[projects]]
  digest = "1:4306d6fbe32c56aa4808c78118ab2dd03c5b52f471fea11b23377f4e2bc4f48a"
  name = "go.uber.org/atomic"
  packages = ["."]
  pruneopts = "UT"
  revision = "3504dfaa1fa414923b1c8693f45d2f6931daf229"
  version = "v1.9.0"

[[projects]]
  digest = "1:06bb0c3d02db9329e62292ea1bb7958e426d3119d91a655687afc1a42f4ab90c"
  name = "go.uber.org/multierr"
  packages = ["."]
  pruneopts = "UT"
  revision = "10aaa3c357ad64ddee0ffb8313fa499279473d05"
  version = "v1.8.0"

[[projects]]
  digest = "1:c48483926c80dc7cd3be2a1632bd84b75f197db508b67e533eb053e7fb82c404"
  name = "go.uber.org/zap"
  packages = [
    ".",
    "buffer",
    "internal/bufferpool",
    "internal/color",
    "internal/exit",
    "zapcore",
  ]
  pruneopts = "UT"
  revision = "6f34060764b5ea1367eecda380ba8a9a0de3f0e6"
  version = "v1.21.0"

[[projects]]
  branch = "master"
  digest = "1:07787a0bf817c8f44343ee485461e8cdfc05261210fdbb4be2e5e9edf95d0f2b"
  name = "golang.org/x/net"
  packages = [
    "http/httpguts",
    "http2",
    "http2/hpack",
    "idna",
    "internal/timeseries",
    "trace",
  ]
  pruneopts = "UT"
  revision = "c690dde0001d31e2a1d8b57f9763890c01fb6db0"

[[projects]]
  branch = "master"
  digest = "1:501652ffbf70b5979436411ca7f49a9572f1d25c6ef721d59abcb8be4cbd3bf2"
  name = "golang.org/x/sys"
  packages = [
    "internal/unsafeheader",
    "unix",
    "windows",
  ]
  pruneopts = "UT"
  revision = "9f5ed59c137dcb0852024edd2e71af63c2d67707"

[[projects]]
  digest = "1:c9f99de7a59710d6160060a62e92e3c2899174af0b60cc8f4188eb98a5a0d1e6"
  name = "golang.org/x/text"
  packages = [
    "collate",
    "collate/build",
    "internal/colltab",
    "internal/gen",
    "internal/language",
    "internal/language/compact",
    "internal/tag",
    "internal/triegen",
    "internal/ucd",
    "language",
    "secure/bidirule",
    "transform",
    "unicode/bidi",
    "unicode/cldr",
    "unicode/norm",
    "unicode/rangetable",
  ]
  pruneopts = "UT"
  revision = "383b2e75a7a4198c42f8f87833eefb772868a56f"
  version = "v0.3.7"

[[projects]]
  branch = "main"
  digest = "1:04a35a4332efa2d2c6a42bc07199345267ce02e0ecde01e4bf601c925efa3e9a"
  name = "google.golang.org/genproto"
  packages = ["googleapis/rpc/status"]
  pruneopts = "UT"
  revision = "ed9918b62aac5536f1e7dd43360fd8acfa2d3775"

[[projects]]
  digest = "1:333590f98fe6eca5ff0c7597a26074dfd9253df8b148e74ac1a7ef8e23ca7c7b"
  name = "google.golang.org/grpc"
  packages = [
    ".",
    "attributes",
    "backoff",
    "balancer",
    "balancer/base",
    "balancer/grpclb/state",
    "balancer/roundrobin",
    "binarylog/grpc_binarylog_v1",
    "channelz",
    "codes",
    "connectivity",
    "credentials",
    "credentials/insecure",
    "encoding",
    "encoding/proto",
    "grpclog",
    "internal",
    "internal/backoff",
    "internal/balancer/gracefulswitch",
    "internal/balancerload",
    "internal/binarylog",
    "internal/buffer",
    "internal/channelz",
    "internal/credentials",
    "internal/envconfig",
    "internal/grpclog",
    "internal/grpcrand",
    "internal/grpcsync",
    "internal/grpcutil",
    "internal/metadata",
    "internal/pretty",
    "internal/resolver",
    "internal/resolver/dns",
    "internal/resolver/passthrough",
    "internal/resolver/unix",
    "internal/serviceconfig",
    "internal/status",
    "internal/syscall",
    "internal/transport",
    "internal/transport/networktype",
    "keepalive",
    "metadata",
    "peer",
    "resolver",
    "serviceconfig",
    "stats",
    "status",
    "tap",
  ]
  pruneopts = "UT"
  revision = "5b509df1e30a25b14dba119c09295924c9e17abe"
  version = "v1.47.0"

[[projects]]
  digest = "1:dd34728e1f911a91ae977a9d55be44f0cf776766d4d7cf8546087290fbf83aeb"
  name = "google.golang.org/protobuf"
  packages = [
    "encoding/protojson",
    "encoding/prototext",
    "encoding/protowire",
    "internal/descfmt",
    "internal/descopts",
    "internal/detrand",
    "internal/encoding/defval",
    "internal/encoding/json",
    "internal/encoding/messageset",
    "internal/encoding/tag",
    "internal/encoding/text",
    "internal/errors",
    "internal/filedesc",
    "internal/filetype",
    "internal/flags",
    "internal/genid",
    "internal/impl",
    "internal/order",
    "internal/pragma",
    "internal/set",
    "internal/strs",
    "internal/version",
    "proto",
    "reflect/protodesc",
    "reflect/protoreflect",
    "reflect/protoregistry",
    "runtime/protoiface",
    "runtime/protoimpl",
    "types/descriptorpb",
    "types/known/anypb",
    "types/known/durationpb",
    "types/known/structpb",
    "types/known/timestamppb",
    "types/known/wrapperspb",
  ]
  pruneopts = "UT"
  revision = "32051b4f86e54c2142c7c05362c6e96ae3454a1c"
  version = "v1.28.0"

[[projects]]
  digest = "1:b24d38b282bacf9791408a080f606370efa3d364e4b5fd9ba0f7b87786d3b679"
  name = "gopkg.in/urfave/cli.v1"
  packages = ["."]
  pruneopts = "UT"
  revision = "cfb38830724cc34fedffe9a2a29fb54fa9169cd1"

[[projects]]
  digest = "1:5054a1f394226de9e6ddc47b0ba77e35092a4112f4a1cd9cb94aba1f5bdc3ec6"
  name = "gopkg.in/yaml.v2"
  packages = ["."]
  pruneopts = "UT"
  revision = "7649d4548cb53a614db133b2a8ac1f31859dda8c"
  version = "v2.4.0"

[solve-meta]
  analyzer-name = "dep"
  analyzer-version = 1
  input-imports = [
    "github.com/Tlantic/go-util/cache",
    "github.com/Tlantic/go-util/errors",
    "github.com/Tlantic/go-util/grpcutil",
    "github.com/Tlantic/go-util/grpcutil/connection-pool",
    "github.com/Tlantic/go-util/mrs",
    "github.com/Tlantic/go-util/mrs/collection",
    "github.com/Tlantic/go-util/mrs/configuration",
    "github.com/Tlantic/go-util/mrs/k8s",
    "github.com/Tlantic/go-util/mrs/log",
    "github.com/Tlantic/go-util/mrs/uuid",
    "github.com/andrepinto/erygo",
    "github.com/golang/protobuf/proto",
    "github.com/golang/protobuf/ptypes",
    "github.com/golang/protobuf/ptypes/any",
    "github.com/golang/protobuf/ptypes/struct",
    "github.com/golang/protobuf/ptypes/timestamp",
    "github.com/golang/protobuf/ptypes/wrappers",
    "github.com/grpc-ecosystem/go-grpc-middleware",
    "github.com/grpc-ecosystem/go-grpc-middleware/logging/logrus",
    "github.com/grpc-ecosystem/go-grpc-middleware/recovery",
    "github.com/json-iterator/go",
    "github.com/shopspring/decimal",
    "github.com/sirupsen/logrus",
    "google.golang.org/grpc",
    "google.golang.org/grpc/codes",
    "google.golang.org/grpc/keepalive",
    "google.golang.org/grpc/metadata",
    "google.golang.org/grpc/status",
    "gopkg.in/urfave/cli.v1",
    "gopkg.in/yaml.v2",
  ]
  solver-name = "gps-cdcl"
  solver-version = 1
